{
    "name": "package",
    "version": "1.0.1",
    "lockfileVersion": 1,
    "requires": true,
    "dependencies": {
        "commander": {
            "version": "0.3.2",
            "resolved": "https://registry.npmjs.org/commander/-/commander-0.3.2.tgz",
            "integrity": "sha1-ipimtZDSq6sEiSc52o+Fd9qWSWE=",
            "dev": true
        },
        "debug": {
            "version": "4.1.1",
            "resolved": "https://registry.npmjs.org/debug/-/debug-4.1.1.tgz",
            "integrity": "sha512-pYAIzeRo8J6KPEaJ0VWOh5Pzkbw/RetuzehGM7QRRX5he4fPHx2rdKMB256ehJCkX+XRQm16eZLqLNS8RSZXZw==",
            "dev": true,
            "requires": {
                "ms": "^2.1.1"
            }
        },
        "mocha": {
            "version": "0.3.3",
            "resolved": "https://registry.npmjs.org/mocha/-/mocha-0.3.3.tgz",
            "integrity": "sha1-7MgNb3FcLCUiXYiWXtfvnMv9fGk=",
            "dev": true,
            "requires": {
                "commander": "0.3.2",
                "debug": "*"
            }
        },
        "ms": {
            "version": "2.1.2",
            "resolved": "https://registry.npmjs.org/ms/-/ms-2.1.2.tgz",
            "integrity": "sha512-sGkPx+VjMtmA6MX27oA4FBFELFCZZ4S4XqeGOXCv68tT+jb3vk/RyaKWP0PTKyWtmLSM0b+adUTEvbs1PEaH2w==",
            "dev": true
        },
        "should": {
            "version": "0.3.2",
            "resolved": "https://registry.npmjs.org/should/-/should-0.3.2.tgz",
            "integrity": "sha1-b/+b3Ivr9CKtj1S273CLDbpRFq8=",
            "dev": true
        }
    }
}
